{
  "version": 4,
  "terraform_version": "1.9.2",
  "serial": 6,
  "lineage": "b344a9db-b448-ef9b-80cd-93d939e25e0f",
  "outputs": {
    "instance_public_ip": {
      "value": "54.157.192.253",
      "type": "string"
    }
  },
  "resources": [
    {
      "mode": "data",
      "type": "template_file",
      "name": "userdata",
      "provider": "provider[\"registry.terraform.io/hashicorp/template\"]",
      "instances": [
        {
          "schema_version": 0,
          "attributes": {
            "filename": null,
            "id": "7b99b70acb249377b66080ed7b042b86457b28320ef7816dbeb516e6710917a5",
            "rendered": "#!/bin/bash\n# Update the package index\nsudo apt-get update\n\n# Install Apache\nsudo apt-get install -y apache2\n\n# Start Apache\nsudo systemctl start apache2\nsudo systemctl enable apache2\n\n# Create a simple webpage\necho \"\u003chtml\u003e\u003cbody\u003e\u003ch1\u003eHello, World!\u003c/h1\u003e\u003c/body\u003e\u003c/html\u003e\" \u003e /var/www/html/index.html\n",
            "template": "#!/bin/bash\n# Update the package index\nsudo apt-get update\n\n# Install Apache\nsudo apt-get install -y apache2\n\n# Start Apache\nsudo systemctl start apache2\nsudo systemctl enable apache2\n\n# Create a simple webpage\necho \"\u003chtml\u003e\u003cbody\u003e\u003ch1\u003eHello, World!\u003c/h1\u003e\u003c/body\u003e\u003c/html\u003e\" \u003e /var/www/html/index.html\n",
            "vars": null
          },
          "sensitive_attributes": []
        }
      ]
    },
    {
      "mode": "managed",
      "type": "aws_instance",
      "name": "my_instance",
      "provider": "provider[\"registry.terraform.io/hashicorp/aws\"]",
      "instances": [
        {
          "schema_version": 1,
          "attributes": {
            "ami": "ami-0a0e5d9c7acc336f1",
            "arn": "arn:aws:ec2:us-east-1:362726503699:instance/i-02c036468f51721b5",
            "associate_public_ip_address": true,
            "availability_zone": "us-east-1c",
            "capacity_reservation_specification": [
              {
                "capacity_reservation_preference": "open",
                "capacity_reservation_target": []
              }
            ],
            "cpu_core_count": 1,
            "cpu_options": [
              {
                "amd_sev_snp": "",
                "core_count": 1,
                "threads_per_core": 1
              }
            ],
            "cpu_threads_per_core": 1,
            "credit_specification": [
              {
                "cpu_credits": "standard"
              }
            ],
            "disable_api_stop": false,
            "disable_api_termination": false,
            "ebs_block_device": [],
            "ebs_optimized": false,
            "enclave_options": [
              {
                "enabled": false
              }
            ],
            "ephemeral_block_device": [],
            "get_password_data": false,
            "hibernation": false,
            "host_id": "",
            "host_resource_group_arn": null,
            "iam_instance_profile": "",
            "id": "i-02c036468f51721b5",
            "instance_initiated_shutdown_behavior": "stop",
            "instance_lifecycle": "",
            "instance_market_options": [],
            "instance_state": "running",
            "instance_type": "t2.micro",
            "ipv6_address_count": 0,
            "ipv6_addresses": [],
            "key_name": "my-key",
            "launch_template": [],
            "maintenance_options": [
              {
                "auto_recovery": "default"
              }
            ],
            "metadata_options": [
              {
                "http_endpoint": "enabled",
                "http_protocol_ipv6": "disabled",
                "http_put_response_hop_limit": 1,
                "http_tokens": "optional",
                "instance_metadata_tags": "disabled"
              }
            ],
            "monitoring": false,
            "network_interface": [],
            "outpost_arn": "",
            "password_data": "",
            "placement_group": "",
            "placement_partition_number": 0,
            "primary_network_interface_id": "eni-04bc2943fce85a9fd",
            "private_dns": "ip-172-31-95-192.ec2.internal",
            "private_dns_name_options": [
              {
                "enable_resource_name_dns_a_record": false,
                "enable_resource_name_dns_aaaa_record": false,
                "hostname_type": "ip-name"
              }
            ],
            "private_ip": "172.31.95.192",
            "public_dns": "ec2-54-157-192-253.compute-1.amazonaws.com",
            "public_ip": "54.157.192.253",
            "root_block_device": [
              {
                "delete_on_termination": true,
                "device_name": "/dev/sda1",
                "encrypted": false,
                "iops": 100,
                "kms_key_id": "",
                "tags": {},
                "tags_all": {},
                "throughput": 0,
                "volume_id": "vol-0744b055792191fc9",
                "volume_size": 8,
                "volume_type": "gp2"
              }
            ],
            "secondary_private_ips": [],
            "security_groups": [
              "my-security-group"
            ],
            "source_dest_check": true,
            "spot_instance_request_id": "",
            "subnet_id": "subnet-00c3541f53f4884f3",
            "tags": {
              "Name": "MyInstance"
            },
            "tags_all": {
              "Name": "MyInstance"
            },
            "tenancy": "default",
            "timeouts": null,
            "user_data": "399d2876a524a1c5e04f2096e571115993ede0e6",
            "user_data_base64": null,
            "user_data_replace_on_change": false,
            "volume_tags": null,
            "vpc_security_group_ids": [
              "sg-06314608dbc28366a"
            ]
          },
          "sensitive_attributes": [],
          "private": "eyJlMmJmYjczMC1lY2FhLTExZTYtOGY4OC0zNDM2M2JjN2M0YzAiOnsiY3JlYXRlIjo2MDAwMDAwMDAwMDAsImRlbGV0ZSI6MTIwMDAwMDAwMDAwMCwicmVhZCI6OTAwMDAwMDAwMDAwLCJ1cGRhdGUiOjYwMDAwMDAwMDAwMH0sInNjaGVtYV92ZXJzaW9uIjoiMSJ9",
          "dependencies": [
            "aws_key_pair.my_key",
            "aws_security_group.my_security_group",
            "data.template_file.userdata"
          ]
        }
      ]
    },
    {
      "mode": "managed",
      "type": "aws_key_pair",
      "name": "my_key",
      "provider": "provider[\"registry.terraform.io/hashicorp/aws\"]",
      "instances": [
        {
          "schema_version": 1,
          "attributes": {
            "arn": "arn:aws:ec2:us-east-1:362726503699:key-pair/my-key",
            "fingerprint": "68:a7:cb:de:2a:5b:74:df:20:8e:3b:4a:da:c4:95:a8",
            "id": "my-key",
            "key_name": "my-key",
            "key_name_prefix": "",
            "key_pair_id": "key-08389584d536b9da6",
            "key_type": "rsa",
            "public_key": "ssh-rsa AAAAB3NzaC1yc2EAAAADAQABAAABgQCecbZnCRyShZtYBcUuFEP9SzV1fxJBbwYUbYCe7J+09dFtzmfx4B32gXAoyAczZOt7im8USwlqzcy+TbZVdxOmS13CdLsrsWXDM3EkqKeB4r1tRiuDPduJe9TzWQq8BAD1DQ67Ou1kOhRYv2hj701/COxBgVL9pK3ZG3k5ph4+6ehuVZtocZ4gklqZUH+nE88fOeHch/XujhRTmajQZaT8bq7ge0nFaiO+ChB8ih6P81DHYahex2LcPP/YeHu+lC87E3IXnsurDnCIaaQ8EMDmJUV7KGI/9RcOsYZjS61X2dPq0ZhRmjg8gtsZaEQ1Nn7PhD4oDW47ADdQ+zZe2DuWec7CATmuPyS0jxn0F1PA5fIE8qYZPYjo7JFIullJ81EhUzHAqFi0o0TOktLx2+F+1YrCmMiRir1P3IiCDqriJvQ+qDbY4qxOYlMRvwPk12rbXcdHtZg0u+hWHWoK+ugVuV8Pfy87xkI6vbkysXHvHU66IhXz0yp0KUaWi4oYyI8= josim@Macbook-Pro.local",
            "tags": {},
            "tags_all": {}
          },
          "sensitive_attributes": [],
          "private": "eyJzY2hlbWFfdmVyc2lvbiI6IjEifQ=="
        }
      ]
    },
    {
      "mode": "managed",
      "type": "aws_security_group",
      "name": "my_security_group",
      "provider": "provider[\"registry.terraform.io/hashicorp/aws\"]",
      "instances": [
        {
          "schema_version": 1,
          "attributes": {
            "arn": "arn:aws:ec2:us-east-1:362726503699:security-group/sg-06314608dbc28366a",
            "description": "Allow SSH and HTTP inbound traffic",
            "egress": [
              {
                "cidr_blocks": [
                  "0.0.0.0/0"
                ],
                "description": "",
                "from_port": 0,
                "ipv6_cidr_blocks": [],
                "prefix_list_ids": [],
                "protocol": "-1",
                "security_groups": [],
                "self": false,
                "to_port": 0
              }
            ],
            "id": "sg-06314608dbc28366a",
            "ingress": [
              {
                "cidr_blocks": [
                  "0.0.0.0/0"
                ],
                "description": "",
                "from_port": 22,
                "ipv6_cidr_blocks": [],
                "prefix_list_ids": [],
                "protocol": "tcp",
                "security_groups": [],
                "self": false,
                "to_port": 22
              },
              {
                "cidr_blocks": [
                  "0.0.0.0/0"
                ],
                "description": "",
                "from_port": 80,
                "ipv6_cidr_blocks": [],
                "prefix_list_ids": [],
                "protocol": "tcp",
                "security_groups": [],
                "self": false,
                "to_port": 80
              }
            ],
            "name": "my-security-group",
            "name_prefix": "",
            "owner_id": "362726503699",
            "revoke_rules_on_delete": false,
            "tags": {},
            "tags_all": {},
            "timeouts": null,
            "vpc_id": "vpc-038d6c5e57c3995db"
          },
          "sensitive_attributes": [],
          "private": "eyJlMmJmYjczMC1lY2FhLTExZTYtOGY4OC0zNDM2M2JjN2M0YzAiOnsiY3JlYXRlIjo2MDAwMDAwMDAwMDAsImRlbGV0ZSI6OTAwMDAwMDAwMDAwfSwic2NoZW1hX3ZlcnNpb24iOiIxIn0="
        }
      ]
    }
  ],
  "check_results": null
}
