{
  "version": 4,
  "terraform_version": "1.9.2",
  "serial": 15,
  "lineage": "0c05466b-fadc-d006-d10c-537a0c4f5789",
  "outputs": {
    "jenkins_instance_public_ip": {
      "value": "54.234.42.165",
      "type": "string"
    },
    "nexus_instance_public_ip": {
      "value": "54.88.129.254",
      "type": "string"
    },
    "sonar_instance_public_ip": {
      "value": "54.208.222.225",
      "type": "string"
    }
  },
  "resources": [
    {
      "mode": "data",
      "type": "template_file",
      "name": "jenkins_userdata",
      "provider": "provider[\"registry.terraform.io/hashicorp/template\"]",
      "instances": [
        {
          "schema_version": 0,
          "attributes": {
            "filename": null,
            "id": "5fe36a37cc7153d32ab749960e4b5e5a843fd4721f8f8f09bf0b9fcdadc62db3",
            "rendered": "#!/bin/bash\nsudo apt update\nsudo apt install openjdk-11-jdk -y\nsudo apt install maven wget unzip -y\n\ncurl -fsSL https://pkg.jenkins.io/debian-stable/jenkins.io-2023.key | sudo tee \\\n  /usr/share/keyrings/jenkins-keyring.asc \u003e /dev/null\n  \necho deb [signed-by=/usr/share/keyrings/jenkins-keyring.asc] \\\n  https://pkg.jenkins.io/debian-stable binary/ | sudo tee \\\n  /etc/apt/sources.list.d/jenkins.list \u003e /dev/null\n\nsudo apt-get update\nsudo apt-get install jenkins -y\n###",
            "template": "#!/bin/bash\nsudo apt update\nsudo apt install openjdk-11-jdk -y\nsudo apt install maven wget unzip -y\n\ncurl -fsSL https://pkg.jenkins.io/debian-stable/jenkins.io-2023.key | sudo tee \\\n  /usr/share/keyrings/jenkins-keyring.asc \u003e /dev/null\n  \necho deb [signed-by=/usr/share/keyrings/jenkins-keyring.asc] \\\n  https://pkg.jenkins.io/debian-stable binary/ | sudo tee \\\n  /etc/apt/sources.list.d/jenkins.list \u003e /dev/null\n\nsudo apt-get update\nsudo apt-get install jenkins -y\n###",
            "vars": null
          },
          "sensitive_attributes": []
        }
      ]
    },
    {
      "mode": "data",
      "type": "template_file",
      "name": "nexus_userdata",
      "provider": "provider[\"registry.terraform.io/hashicorp/template\"]",
      "instances": [
        {
          "schema_version": 0,
          "attributes": {
            "filename": null,
            "id": "d8c28687474bcce2dcf8b87778e4fb6826432ba3129dcdb6f075ae36f778d3c7",
            "rendered": "#!/bin/bash\nyum install java-1.8.0-openjdk.x86_64 wget -y   \nmkdir -p /opt/nexus/   \nmkdir -p /tmp/nexus/                           \ncd /tmp/nexus/\nNEXUSURL=\"https://download.sonatype.com/nexus/3/latest-unix.tar.gz\"\nwget $NEXUSURL -O nexus.tar.gz\nsleep 10\nEXTOUT=`tar xzvf nexus.tar.gz`\nNEXUSDIR=`echo $EXTOUT | cut -d '/' -f1`\nsleep 5\nrm -rf /tmp/nexus/nexus.tar.gz\ncp -r /tmp/nexus/* /opt/nexus/\nsleep 5\nuseradd nexus\nchown -R nexus.nexus /opt/nexus \ncat \u003c\u003cEOT\u003e\u003e /etc/systemd/system/nexus.service\n[Unit]                                                                          \nDescription=nexus service                                                       \nAfter=network.target                                                            \n                                                                  \n[Service]                                                                       \nType=forking                                                                    \nLimitNOFILE=65536                                                               \nExecStart=/opt/nexus/$NEXUSDIR/bin/nexus start                                  \nExecStop=/opt/nexus/$NEXUSDIR/bin/nexus stop                                    \nUser=nexus                                                                      \nRestart=on-abort                                                                \n                                                                  \n[Install]                                                                       \nWantedBy=multi-user.target                                                      \n\nEOT\n\necho 'run_as_user=\"nexus\"' \u003e /opt/nexus/$NEXUSDIR/bin/nexus.rc\nsystemctl daemon-reload\nsystemctl start nexus\nsystemctl enable nexus",
            "template": "#!/bin/bash\nyum install java-1.8.0-openjdk.x86_64 wget -y   \nmkdir -p /opt/nexus/   \nmkdir -p /tmp/nexus/                           \ncd /tmp/nexus/\nNEXUSURL=\"https://download.sonatype.com/nexus/3/latest-unix.tar.gz\"\nwget $NEXUSURL -O nexus.tar.gz\nsleep 10\nEXTOUT=`tar xzvf nexus.tar.gz`\nNEXUSDIR=`echo $EXTOUT | cut -d '/' -f1`\nsleep 5\nrm -rf /tmp/nexus/nexus.tar.gz\ncp -r /tmp/nexus/* /opt/nexus/\nsleep 5\nuseradd nexus\nchown -R nexus.nexus /opt/nexus \ncat \u003c\u003cEOT\u003e\u003e /etc/systemd/system/nexus.service\n[Unit]                                                                          \nDescription=nexus service                                                       \nAfter=network.target                                                            \n                                                                  \n[Service]                                                                       \nType=forking                                                                    \nLimitNOFILE=65536                                                               \nExecStart=/opt/nexus/$NEXUSDIR/bin/nexus start                                  \nExecStop=/opt/nexus/$NEXUSDIR/bin/nexus stop                                    \nUser=nexus                                                                      \nRestart=on-abort                                                                \n                                                                  \n[Install]                                                                       \nWantedBy=multi-user.target                                                      \n\nEOT\n\necho 'run_as_user=\"nexus\"' \u003e /opt/nexus/$NEXUSDIR/bin/nexus.rc\nsystemctl daemon-reload\nsystemctl start nexus\nsystemctl enable nexus",
            "vars": null
          },
          "sensitive_attributes": []
        }
      ]
    },
    {
      "mode": "data",
      "type": "template_file",
      "name": "sonar_userdata",
      "provider": "provider[\"registry.terraform.io/hashicorp/template\"]",
      "instances": [
        {
          "schema_version": 0,
          "attributes": {
            "filename": null,
            "id": "dd44f0bb1bce07802a007b90d43bad0db15099f4a0e96ca71a843327e9d28c81",
            "rendered": "#!/bin/bash\ncp /etc/sysctl.conf /root/sysctl.conf_backup\ncat \u003c\u003cEOT\u003e /etc/sysctl.conf\nvm.max_map_count=262144\nfs.file-max=65536\nulimit -n 65536\nulimit -u 4096\nEOT\ncp /etc/security/limits.conf /root/sec_limit.conf_backup\ncat \u003c\u003cEOT\u003e /etc/security/limits.conf\nsonarqube   -   nofile   65536\nsonarqube   -   nproc    409\nEOT\n\nsudo apt-get update -y\nsudo apt-get install openjdk-11-jdk -y\nsudo update-alternatives --config java\n\njava -version\n\nsudo apt update\nwget -q https://www.postgresql.org/media/keys/ACCC4CF8.asc -O - | sudo apt-key add -\n\nsudo sh -c 'echo \"deb http://apt.postgresql.org/pub/repos/apt/ `lsb_release -cs`-pgdg main\" \u003e\u003e /etc/apt/sources.list.d/pgdg.list'\nsudo apt install postgresql postgresql-contrib -y\n#sudo -u postgres psql -c \"SELECT version();\"\nsudo systemctl enable postgresql.service\nsudo systemctl start  postgresql.service\nsudo echo \"postgres:admin123\" | chpasswd\nrunuser -l postgres -c \"createuser sonar\"\nsudo -i -u postgres psql -c \"ALTER USER sonar WITH ENCRYPTED PASSWORD 'admin123';\"\nsudo -i -u postgres psql -c \"CREATE DATABASE sonarqube OWNER sonar;\"\nsudo -i -u postgres psql -c \"GRANT ALL PRIVILEGES ON DATABASE sonarqube to sonar;\"\nsystemctl restart  postgresql\n#systemctl status -l   postgresql\nnetstat -tulpena | grep postgres\nsudo mkdir -p /sonarqube/\ncd /sonarqube/\nsudo curl -O https://binaries.sonarsource.com/Distribution/sonarqube/sonarqube-8.3.0.34182.zip\nsudo apt-get install zip -y\nsudo unzip -o sonarqube-8.3.0.34182.zip -d /opt/\nsudo mv /opt/sonarqube-8.3.0.34182/ /opt/sonarqube\nsudo groupadd sonar\nsudo useradd -c \"SonarQube - User\" -d /opt/sonarqube/ -g sonar sonar\nsudo chown sonar:sonar /opt/sonarqube/ -R\ncp /opt/sonarqube/conf/sonar.properties /root/sonar.properties_backup\ncat \u003c\u003cEOT\u003e /opt/sonarqube/conf/sonar.properties\nsonar.jdbc.username=sonar\nsonar.jdbc.password=admin123\nsonar.jdbc.url=jdbc:postgresql://localhost/sonarqube\nsonar.web.host=0.0.0.0\nsonar.web.port=9000\nsonar.web.javaAdditionalOpts=-server\nsonar.search.javaOpts=-Xmx512m -Xms512m -XX:+HeapDumpOnOutOfMemoryError\nsonar.log.level=INFO\nsonar.path.logs=logs\nEOT\n\ncat \u003c\u003cEOT\u003e /etc/systemd/system/sonarqube.service\n[Unit]\nDescription=SonarQube service\nAfter=syslog.target network.target\n\n[Service]\nType=forking\n\nExecStart=/opt/sonarqube/bin/linux-x86-64/sonar.sh start\nExecStop=/opt/sonarqube/bin/linux-x86-64/sonar.sh stop\n\nUser=sonar\nGroup=sonar\nRestart=always\n\nLimitNOFILE=65536\nLimitNPROC=4096\n\n\n[Install]\nWantedBy=multi-user.target\nEOT\n\nsystemctl daemon-reload\nsystemctl enable sonarqube.service\n#systemctl start sonarqube.service\n#systemctl status -l sonarqube.service\napt-get install nginx -y\nrm -rf /etc/nginx/sites-enabled/default\nrm -rf /etc/nginx/sites-available/default\ncat \u003c\u003cEOT\u003e /etc/nginx/sites-available/sonarqube\nserver{\n    listen      80;\n    server_name sonarqube.groophy.in;\n\n    access_log  /var/log/nginx/sonar.access.log;\n    error_log   /var/log/nginx/sonar.error.log;\n\n    proxy_buffers 16 64k;\n    proxy_buffer_size 128k;\n\n    location / {\n        proxy_pass  http://127.0.0.1:9000;\n        proxy_next_upstream error timeout invalid_header http_500 http_502 http_503 http_504;\n        proxy_redirect off;\n              \n        proxy_set_header    Host            \\$host;\n        proxy_set_header    X-Real-IP       \\$remote_addr;\n        proxy_set_header    X-Forwarded-For \\$proxy_add_x_forwarded_for;\n        proxy_set_header    X-Forwarded-Proto http;\n    }\n}\nEOT\nln -s /etc/nginx/sites-available/sonarqube /etc/nginx/sites-enabled/sonarqube\nsystemctl enable nginx.service\n#systemctl restart nginx.service\nsudo ufw allow 80,9000,9001/tcp\n\necho \"System reboot in 30 sec\"\nsleep 30\nreboot",
            "template": "#!/bin/bash\ncp /etc/sysctl.conf /root/sysctl.conf_backup\ncat \u003c\u003cEOT\u003e /etc/sysctl.conf\nvm.max_map_count=262144\nfs.file-max=65536\nulimit -n 65536\nulimit -u 4096\nEOT\ncp /etc/security/limits.conf /root/sec_limit.conf_backup\ncat \u003c\u003cEOT\u003e /etc/security/limits.conf\nsonarqube   -   nofile   65536\nsonarqube   -   nproc    409\nEOT\n\nsudo apt-get update -y\nsudo apt-get install openjdk-11-jdk -y\nsudo update-alternatives --config java\n\njava -version\n\nsudo apt update\nwget -q https://www.postgresql.org/media/keys/ACCC4CF8.asc -O - | sudo apt-key add -\n\nsudo sh -c 'echo \"deb http://apt.postgresql.org/pub/repos/apt/ `lsb_release -cs`-pgdg main\" \u003e\u003e /etc/apt/sources.list.d/pgdg.list'\nsudo apt install postgresql postgresql-contrib -y\n#sudo -u postgres psql -c \"SELECT version();\"\nsudo systemctl enable postgresql.service\nsudo systemctl start  postgresql.service\nsudo echo \"postgres:admin123\" | chpasswd\nrunuser -l postgres -c \"createuser sonar\"\nsudo -i -u postgres psql -c \"ALTER USER sonar WITH ENCRYPTED PASSWORD 'admin123';\"\nsudo -i -u postgres psql -c \"CREATE DATABASE sonarqube OWNER sonar;\"\nsudo -i -u postgres psql -c \"GRANT ALL PRIVILEGES ON DATABASE sonarqube to sonar;\"\nsystemctl restart  postgresql\n#systemctl status -l   postgresql\nnetstat -tulpena | grep postgres\nsudo mkdir -p /sonarqube/\ncd /sonarqube/\nsudo curl -O https://binaries.sonarsource.com/Distribution/sonarqube/sonarqube-8.3.0.34182.zip\nsudo apt-get install zip -y\nsudo unzip -o sonarqube-8.3.0.34182.zip -d /opt/\nsudo mv /opt/sonarqube-8.3.0.34182/ /opt/sonarqube\nsudo groupadd sonar\nsudo useradd -c \"SonarQube - User\" -d /opt/sonarqube/ -g sonar sonar\nsudo chown sonar:sonar /opt/sonarqube/ -R\ncp /opt/sonarqube/conf/sonar.properties /root/sonar.properties_backup\ncat \u003c\u003cEOT\u003e /opt/sonarqube/conf/sonar.properties\nsonar.jdbc.username=sonar\nsonar.jdbc.password=admin123\nsonar.jdbc.url=jdbc:postgresql://localhost/sonarqube\nsonar.web.host=0.0.0.0\nsonar.web.port=9000\nsonar.web.javaAdditionalOpts=-server\nsonar.search.javaOpts=-Xmx512m -Xms512m -XX:+HeapDumpOnOutOfMemoryError\nsonar.log.level=INFO\nsonar.path.logs=logs\nEOT\n\ncat \u003c\u003cEOT\u003e /etc/systemd/system/sonarqube.service\n[Unit]\nDescription=SonarQube service\nAfter=syslog.target network.target\n\n[Service]\nType=forking\n\nExecStart=/opt/sonarqube/bin/linux-x86-64/sonar.sh start\nExecStop=/opt/sonarqube/bin/linux-x86-64/sonar.sh stop\n\nUser=sonar\nGroup=sonar\nRestart=always\n\nLimitNOFILE=65536\nLimitNPROC=4096\n\n\n[Install]\nWantedBy=multi-user.target\nEOT\n\nsystemctl daemon-reload\nsystemctl enable sonarqube.service\n#systemctl start sonarqube.service\n#systemctl status -l sonarqube.service\napt-get install nginx -y\nrm -rf /etc/nginx/sites-enabled/default\nrm -rf /etc/nginx/sites-available/default\ncat \u003c\u003cEOT\u003e /etc/nginx/sites-available/sonarqube\nserver{\n    listen      80;\n    server_name sonarqube.groophy.in;\n\n    access_log  /var/log/nginx/sonar.access.log;\n    error_log   /var/log/nginx/sonar.error.log;\n\n    proxy_buffers 16 64k;\n    proxy_buffer_size 128k;\n\n    location / {\n        proxy_pass  http://127.0.0.1:9000;\n        proxy_next_upstream error timeout invalid_header http_500 http_502 http_503 http_504;\n        proxy_redirect off;\n              \n        proxy_set_header    Host            \\$host;\n        proxy_set_header    X-Real-IP       \\$remote_addr;\n        proxy_set_header    X-Forwarded-For \\$proxy_add_x_forwarded_for;\n        proxy_set_header    X-Forwarded-Proto http;\n    }\n}\nEOT\nln -s /etc/nginx/sites-available/sonarqube /etc/nginx/sites-enabled/sonarqube\nsystemctl enable nginx.service\n#systemctl restart nginx.service\nsudo ufw allow 80,9000,9001/tcp\n\necho \"System reboot in 30 sec\"\nsleep 30\nreboot",
            "vars": null
          },
          "sensitive_attributes": []
        }
      ]
    },
    {
      "mode": "managed",
      "type": "aws_instance",
      "name": "tf_jenkins_instance",
      "provider": "provider[\"registry.terraform.io/hashicorp/aws\"]",
      "instances": [
        {
          "schema_version": 1,
          "attributes": {
            "ami": "ami-0a0e5d9c7acc336f1",
            "arn": "arn:aws:ec2:us-east-1:362726503699:instance/i-018aca361cc68944b",
            "associate_public_ip_address": true,
            "availability_zone": "us-east-1d",
            "capacity_reservation_specification": [
              {
                "capacity_reservation_preference": "open",
                "capacity_reservation_target": []
              }
            ],
            "cpu_core_count": 1,
            "cpu_options": [
              {
                "amd_sev_snp": "",
                "core_count": 1,
                "threads_per_core": 1
              }
            ],
            "cpu_threads_per_core": 1,
            "credit_specification": [
              {
                "cpu_credits": "standard"
              }
            ],
            "disable_api_stop": false,
            "disable_api_termination": false,
            "ebs_block_device": [],
            "ebs_optimized": false,
            "enclave_options": [
              {
                "enabled": false
              }
            ],
            "ephemeral_block_device": [],
            "get_password_data": false,
            "hibernation": false,
            "host_id": "",
            "host_resource_group_arn": null,
            "iam_instance_profile": "",
            "id": "i-018aca361cc68944b",
            "instance_initiated_shutdown_behavior": "stop",
            "instance_lifecycle": "",
            "instance_market_options": [],
            "instance_state": "running",
            "instance_type": "t2.small",
            "ipv6_address_count": 0,
            "ipv6_addresses": [],
            "key_name": "tf-vprofile-ci-key",
            "launch_template": [],
            "maintenance_options": [
              {
                "auto_recovery": "default"
              }
            ],
            "metadata_options": [
              {
                "http_endpoint": "enabled",
                "http_protocol_ipv6": "disabled",
                "http_put_response_hop_limit": 1,
                "http_tokens": "optional",
                "instance_metadata_tags": "disabled"
              }
            ],
            "monitoring": false,
            "network_interface": [],
            "outpost_arn": "",
            "password_data": "",
            "placement_group": "",
            "placement_partition_number": 0,
            "primary_network_interface_id": "eni-032dc7028a0808bfc",
            "private_dns": "ip-172-31-29-197.ec2.internal",
            "private_dns_name_options": [
              {
                "enable_resource_name_dns_a_record": false,
                "enable_resource_name_dns_aaaa_record": false,
                "hostname_type": "ip-name"
              }
            ],
            "private_ip": "172.31.29.197",
            "public_dns": "ec2-54-234-42-165.compute-1.amazonaws.com",
            "public_ip": "54.234.42.165",
            "root_block_device": [
              {
                "delete_on_termination": true,
                "device_name": "/dev/sda1",
                "encrypted": false,
                "iops": 100,
                "kms_key_id": "",
                "tags": {},
                "tags_all": {},
                "throughput": 0,
                "volume_id": "vol-0e18f08e338cda92b",
                "volume_size": 8,
                "volume_type": "gp2"
              }
            ],
            "secondary_private_ips": [],
            "security_groups": [
              "tf-jenkins-sg"
            ],
            "source_dest_check": true,
            "spot_instance_request_id": "",
            "subnet_id": "subnet-0848a1b7e457c71c1",
            "tags": {
              "Name": "tf-jenkins-instance"
            },
            "tags_all": {
              "Name": "tf-jenkins-instance"
            },
            "tenancy": "default",
            "timeouts": null,
            "user_data": "d1b02dfb7d4c5730d4d848eed493f47dff6e6f28",
            "user_data_base64": null,
            "user_data_replace_on_change": false,
            "volume_tags": null,
            "vpc_security_group_ids": [
              "sg-03d49bbc0167c4176"
            ]
          },
          "sensitive_attributes": [],
          "private": "eyJlMmJmYjczMC1lY2FhLTExZTYtOGY4OC0zNDM2M2JjN2M0YzAiOnsiY3JlYXRlIjo2MDAwMDAwMDAwMDAsImRlbGV0ZSI6MTIwMDAwMDAwMDAwMCwicmVhZCI6OTAwMDAwMDAwMDAwLCJ1cGRhdGUiOjYwMDAwMDAwMDAwMH0sInNjaGVtYV92ZXJzaW9uIjoiMSJ9",
          "dependencies": [
            "aws_key_pair.tf_vprofile_ci_key",
            "aws_security_group.tf_jenkins_sg",
            "data.template_file.jenkins_userdata"
          ]
        }
      ]
    },
    {
      "mode": "managed",
      "type": "aws_instance",
      "name": "tf_nexus_instance",
      "provider": "provider[\"registry.terraform.io/hashicorp/aws\"]",
      "instances": [
        {
          "schema_version": 1,
          "attributes": {
            "ami": "ami-0df2a11dd1fe1f8e3",
            "arn": "arn:aws:ec2:us-east-1:362726503699:instance/i-06711589555cf15d0",
            "associate_public_ip_address": true,
            "availability_zone": "us-east-1d",
            "capacity_reservation_specification": [
              {
                "capacity_reservation_preference": "open",
                "capacity_reservation_target": []
              }
            ],
            "cpu_core_count": 2,
            "cpu_options": [
              {
                "amd_sev_snp": "",
                "core_count": 2,
                "threads_per_core": 1
              }
            ],
            "cpu_threads_per_core": 1,
            "credit_specification": [
              {
                "cpu_credits": "standard"
              }
            ],
            "disable_api_stop": false,
            "disable_api_termination": false,
            "ebs_block_device": [],
            "ebs_optimized": false,
            "enclave_options": [
              {
                "enabled": false
              }
            ],
            "ephemeral_block_device": [],
            "get_password_data": false,
            "hibernation": false,
            "host_id": "",
            "host_resource_group_arn": null,
            "iam_instance_profile": "",
            "id": "i-06711589555cf15d0",
            "instance_initiated_shutdown_behavior": "stop",
            "instance_lifecycle": "",
            "instance_market_options": [],
            "instance_state": "running",
            "instance_type": "t2.medium",
            "ipv6_address_count": 0,
            "ipv6_addresses": [],
            "key_name": "tf-vprofile-ci-key",
            "launch_template": [],
            "maintenance_options": [
              {
                "auto_recovery": "default"
              }
            ],
            "metadata_options": [
              {
                "http_endpoint": "enabled",
                "http_protocol_ipv6": "disabled",
                "http_put_response_hop_limit": 1,
                "http_tokens": "optional",
                "instance_metadata_tags": "disabled"
              }
            ],
            "monitoring": false,
            "network_interface": [],
            "outpost_arn": "",
            "password_data": "",
            "placement_group": "",
            "placement_partition_number": 0,
            "primary_network_interface_id": "eni-0f8c98e18dd8d416f",
            "private_dns": "ip-172-31-17-80.ec2.internal",
            "private_dns_name_options": [
              {
                "enable_resource_name_dns_a_record": false,
                "enable_resource_name_dns_aaaa_record": false,
                "hostname_type": "ip-name"
              }
            ],
            "private_ip": "172.31.17.80",
            "public_dns": "ec2-54-88-129-254.compute-1.amazonaws.com",
            "public_ip": "54.88.129.254",
            "root_block_device": [
              {
                "delete_on_termination": true,
                "device_name": "/dev/sda1",
                "encrypted": false,
                "iops": 100,
                "kms_key_id": "",
                "tags": {},
                "tags_all": {},
                "throughput": 0,
                "volume_id": "vol-02ccff735582d867d",
                "volume_size": 10,
                "volume_type": "gp2"
              }
            ],
            "secondary_private_ips": [],
            "security_groups": [
              "tf-nexus-sg"
            ],
            "source_dest_check": true,
            "spot_instance_request_id": "",
            "subnet_id": "subnet-0848a1b7e457c71c1",
            "tags": {
              "Name": "tf-nexus-instance"
            },
            "tags_all": {
              "Name": "tf-nexus-instance"
            },
            "tenancy": "default",
            "timeouts": null,
            "user_data": "ba6144e4600dcb03e32004ef9090dfb2417d527c",
            "user_data_base64": null,
            "user_data_replace_on_change": false,
            "volume_tags": null,
            "vpc_security_group_ids": [
              "sg-0067c91dbb53908bf"
            ]
          },
          "sensitive_attributes": [],
          "private": "eyJlMmJmYjczMC1lY2FhLTExZTYtOGY4OC0zNDM2M2JjN2M0YzAiOnsiY3JlYXRlIjo2MDAwMDAwMDAwMDAsImRlbGV0ZSI6MTIwMDAwMDAwMDAwMCwicmVhZCI6OTAwMDAwMDAwMDAwLCJ1cGRhdGUiOjYwMDAwMDAwMDAwMH0sInNjaGVtYV92ZXJzaW9uIjoiMSJ9",
          "dependencies": [
            "aws_key_pair.tf_vprofile_ci_key",
            "aws_security_group.tf_jenkins_sg",
            "aws_security_group.tf_nexus_sg",
            "data.template_file.nexus_userdata"
          ]
        }
      ]
    },
    {
      "mode": "managed",
      "type": "aws_instance",
      "name": "tf_sonar_instance",
      "provider": "provider[\"registry.terraform.io/hashicorp/aws\"]",
      "instances": [
        {
          "schema_version": 1,
          "attributes": {
            "ami": "ami-0a0e5d9c7acc336f1",
            "arn": "arn:aws:ec2:us-east-1:362726503699:instance/i-069689cd048b693fd",
            "associate_public_ip_address": true,
            "availability_zone": "us-east-1d",
            "capacity_reservation_specification": [
              {
                "capacity_reservation_preference": "open",
                "capacity_reservation_target": []
              }
            ],
            "cpu_core_count": 2,
            "cpu_options": [
              {
                "amd_sev_snp": "",
                "core_count": 2,
                "threads_per_core": 1
              }
            ],
            "cpu_threads_per_core": 1,
            "credit_specification": [
              {
                "cpu_credits": "standard"
              }
            ],
            "disable_api_stop": false,
            "disable_api_termination": false,
            "ebs_block_device": [],
            "ebs_optimized": false,
            "enclave_options": [
              {
                "enabled": false
              }
            ],
            "ephemeral_block_device": [],
            "get_password_data": false,
            "hibernation": false,
            "host_id": "",
            "host_resource_group_arn": null,
            "iam_instance_profile": "",
            "id": "i-069689cd048b693fd",
            "instance_initiated_shutdown_behavior": "stop",
            "instance_lifecycle": "",
            "instance_market_options": [],
            "instance_state": "running",
            "instance_type": "t2.medium",
            "ipv6_address_count": 0,
            "ipv6_addresses": [],
            "key_name": "tf-vprofile-ci-key",
            "launch_template": [],
            "maintenance_options": [
              {
                "auto_recovery": "default"
              }
            ],
            "metadata_options": [
              {
                "http_endpoint": "enabled",
                "http_protocol_ipv6": "disabled",
                "http_put_response_hop_limit": 1,
                "http_tokens": "optional",
                "instance_metadata_tags": "disabled"
              }
            ],
            "monitoring": false,
            "network_interface": [],
            "outpost_arn": "",
            "password_data": "",
            "placement_group": "",
            "placement_partition_number": 0,
            "primary_network_interface_id": "eni-0d26e33480519b67d",
            "private_dns": "ip-172-31-28-58.ec2.internal",
            "private_dns_name_options": [
              {
                "enable_resource_name_dns_a_record": false,
                "enable_resource_name_dns_aaaa_record": false,
                "hostname_type": "ip-name"
              }
            ],
            "private_ip": "172.31.28.58",
            "public_dns": "ec2-54-208-222-225.compute-1.amazonaws.com",
            "public_ip": "54.208.222.225",
            "root_block_device": [
              {
                "delete_on_termination": true,
                "device_name": "/dev/sda1",
                "encrypted": false,
                "iops": 100,
                "kms_key_id": "",
                "tags": {},
                "tags_all": {},
                "throughput": 0,
                "volume_id": "vol-0aca8424bee9a333f",
                "volume_size": 8,
                "volume_type": "gp2"
              }
            ],
            "secondary_private_ips": [],
            "security_groups": [
              "tf-sonar-sg"
            ],
            "source_dest_check": true,
            "spot_instance_request_id": "",
            "subnet_id": "subnet-0848a1b7e457c71c1",
            "tags": {
              "Name": "tf-sonar-instance"
            },
            "tags_all": {
              "Name": "tf-sonar-instance"
            },
            "tenancy": "default",
            "timeouts": null,
            "user_data": "3287acc399a12a5dc9a35ec82d8d1d90b2eacd69",
            "user_data_base64": null,
            "user_data_replace_on_change": false,
            "volume_tags": null,
            "vpc_security_group_ids": [
              "sg-0b6546521fa2831f2"
            ]
          },
          "sensitive_attributes": [],
          "private": "eyJlMmJmYjczMC1lY2FhLTExZTYtOGY4OC0zNDM2M2JjN2M0YzAiOnsiY3JlYXRlIjo2MDAwMDAwMDAwMDAsImRlbGV0ZSI6MTIwMDAwMDAwMDAwMCwicmVhZCI6OTAwMDAwMDAwMDAwLCJ1cGRhdGUiOjYwMDAwMDAwMDAwMH0sInNjaGVtYV92ZXJzaW9uIjoiMSJ9",
          "dependencies": [
            "aws_key_pair.tf_vprofile_ci_key",
            "aws_security_group.tf_jenkins_sg",
            "aws_security_group.tf_sonar_sg",
            "data.template_file.sonar_userdata"
          ]
        }
      ]
    },
    {
      "mode": "managed",
      "type": "aws_key_pair",
      "name": "tf_vprofile_ci_key",
      "provider": "provider[\"registry.terraform.io/hashicorp/aws\"]",
      "instances": [
        {
          "schema_version": 1,
          "attributes": {
            "arn": "arn:aws:ec2:us-east-1:362726503699:key-pair/tf-vprofile-ci-key",
            "fingerprint": "68:a7:cb:de:2a:5b:74:df:20:8e:3b:4a:da:c4:95:a8",
            "id": "tf-vprofile-ci-key",
            "key_name": "tf-vprofile-ci-key",
            "key_name_prefix": "",
            "key_pair_id": "key-04275000c330c44a6",
            "key_type": "rsa",
            "public_key": "ssh-rsa AAAAB3NzaC1yc2EAAAADAQABAAABgQCecbZnCRyShZtYBcUuFEP9SzV1fxJBbwYUbYCe7J+09dFtzmfx4B32gXAoyAczZOt7im8USwlqzcy+TbZVdxOmS13CdLsrsWXDM3EkqKeB4r1tRiuDPduJe9TzWQq8BAD1DQ67Ou1kOhRYv2hj701/COxBgVL9pK3ZG3k5ph4+6ehuVZtocZ4gklqZUH+nE88fOeHch/XujhRTmajQZaT8bq7ge0nFaiO+ChB8ih6P81DHYahex2LcPP/YeHu+lC87E3IXnsurDnCIaaQ8EMDmJUV7KGI/9RcOsYZjS61X2dPq0ZhRmjg8gtsZaEQ1Nn7PhD4oDW47ADdQ+zZe2DuWec7CATmuPyS0jxn0F1PA5fIE8qYZPYjo7JFIullJ81EhUzHAqFi0o0TOktLx2+F+1YrCmMiRir1P3IiCDqriJvQ+qDbY4qxOYlMRvwPk12rbXcdHtZg0u+hWHWoK+ugVuV8Pfy87xkI6vbkysXHvHU66IhXz0yp0KUaWi4oYyI8= josim@Macbook-Pro.local",
            "tags": {},
            "tags_all": {}
          },
          "sensitive_attributes": [],
          "private": "eyJzY2hlbWFfdmVyc2lvbiI6IjEifQ=="
        }
      ]
    },
    {
      "mode": "managed",
      "type": "aws_security_group",
      "name": "tf_jenkins_sg",
      "provider": "provider[\"registry.terraform.io/hashicorp/aws\"]",
      "instances": [
        {
          "schema_version": 1,
          "attributes": {
            "arn": "arn:aws:ec2:us-east-1:362726503699:security-group/sg-03d49bbc0167c4176",
            "description": "Allow SSH and HTTP inbound traffic",
            "egress": [
              {
                "cidr_blocks": [
                  "0.0.0.0/0"
                ],
                "description": "",
                "from_port": 0,
                "ipv6_cidr_blocks": [],
                "prefix_list_ids": [],
                "protocol": "-1",
                "security_groups": [],
                "self": false,
                "to_port": 0
              }
            ],
            "id": "sg-03d49bbc0167c4176",
            "ingress": [
              {
                "cidr_blocks": [
                  "0.0.0.0/0"
                ],
                "description": "",
                "from_port": 0,
                "ipv6_cidr_blocks": [],
                "prefix_list_ids": [],
                "protocol": "tcp",
                "security_groups": [],
                "self": false,
                "to_port": 8080
              },
              {
                "cidr_blocks": [
                  "0.0.0.0/0"
                ],
                "description": null,
                "from_port": 22,
                "ipv6_cidr_blocks": [],
                "prefix_list_ids": [],
                "protocol": "tcp",
                "security_groups": [],
                "self": false,
                "to_port": 22
              }
            ],
            "name": "tf-jenkins-sg",
            "name_prefix": "",
            "owner_id": "362726503699",
            "revoke_rules_on_delete": false,
            "tags": {},
            "tags_all": {},
            "timeouts": null,
            "vpc_id": "vpc-038d6c5e57c3995db"
          },
          "sensitive_attributes": [],
          "private": "eyJlMmJmYjczMC1lY2FhLTExZTYtOGY4OC0zNDM2M2JjN2M0YzAiOnsiY3JlYXRlIjo2MDAwMDAwMDAwMDAsImRlbGV0ZSI6OTAwMDAwMDAwMDAwfSwic2NoZW1hX3ZlcnNpb24iOiIxIn0="
        }
      ]
    },
    {
      "mode": "managed",
      "type": "aws_security_group",
      "name": "tf_nexus_sg",
      "provider": "provider[\"registry.terraform.io/hashicorp/aws\"]",
      "instances": [
        {
          "schema_version": 1,
          "attributes": {
            "arn": "arn:aws:ec2:us-east-1:362726503699:security-group/sg-0067c91dbb53908bf",
            "description": "Allow SSH and HTTP inbound traffic",
            "egress": [
              {
                "cidr_blocks": [
                  "0.0.0.0/0"
                ],
                "description": "",
                "from_port": 0,
                "ipv6_cidr_blocks": [],
                "prefix_list_ids": [],
                "protocol": "-1",
                "security_groups": [],
                "self": false,
                "to_port": 0
              }
            ],
            "id": "sg-0067c91dbb53908bf",
            "ingress": [
              {
                "cidr_blocks": [
                  "0.0.0.0/0"
                ],
                "description": "",
                "from_port": 0,
                "ipv6_cidr_blocks": [],
                "prefix_list_ids": [],
                "protocol": "tcp",
                "security_groups": [],
                "self": false,
                "to_port": 8081
              },
              {
                "cidr_blocks": [
                  "0.0.0.0/0"
                ],
                "description": "",
                "from_port": 22,
                "ipv6_cidr_blocks": [],
                "prefix_list_ids": [],
                "protocol": "tcp",
                "security_groups": [],
                "self": false,
                "to_port": 22
              },
              {
                "cidr_blocks": [],
                "description": "",
                "from_port": 0,
                "ipv6_cidr_blocks": [],
                "prefix_list_ids": [],
                "protocol": "tcp",
                "security_groups": [
                  "sg-03d49bbc0167c4176"
                ],
                "self": false,
                "to_port": 8081
              }
            ],
            "name": "tf-nexus-sg",
            "name_prefix": "",
            "owner_id": "362726503699",
            "revoke_rules_on_delete": false,
            "tags": {},
            "tags_all": {},
            "timeouts": null,
            "vpc_id": "vpc-038d6c5e57c3995db"
          },
          "sensitive_attributes": [],
          "private": "eyJlMmJmYjczMC1lY2FhLTExZTYtOGY4OC0zNDM2M2JjN2M0YzAiOnsiY3JlYXRlIjo2MDAwMDAwMDAwMDAsImRlbGV0ZSI6OTAwMDAwMDAwMDAwfSwic2NoZW1hX3ZlcnNpb24iOiIxIn0=",
          "dependencies": [
            "aws_security_group.tf_jenkins_sg"
          ]
        }
      ]
    },
    {
      "mode": "managed",
      "type": "aws_security_group",
      "name": "tf_sonar_sg",
      "provider": "provider[\"registry.terraform.io/hashicorp/aws\"]",
      "instances": [
        {
          "schema_version": 1,
          "attributes": {
            "arn": "arn:aws:ec2:us-east-1:362726503699:security-group/sg-0b6546521fa2831f2",
            "description": "Allow SSH and HTTP inbound traffic",
            "egress": [
              {
                "cidr_blocks": [
                  "0.0.0.0/0"
                ],
                "description": "",
                "from_port": 0,
                "ipv6_cidr_blocks": [],
                "prefix_list_ids": [],
                "protocol": "-1",
                "security_groups": [],
                "self": false,
                "to_port": 0
              }
            ],
            "id": "sg-0b6546521fa2831f2",
            "ingress": [
              {
                "cidr_blocks": [
                  "0.0.0.0/0"
                ],
                "description": "",
                "from_port": 0,
                "ipv6_cidr_blocks": [],
                "prefix_list_ids": [],
                "protocol": "tcp",
                "security_groups": [],
                "self": false,
                "to_port": 80
              },
              {
                "cidr_blocks": [
                  "0.0.0.0/0"
                ],
                "description": "",
                "from_port": 22,
                "ipv6_cidr_blocks": [],
                "prefix_list_ids": [],
                "protocol": "tcp",
                "security_groups": [],
                "self": false,
                "to_port": 22
              },
              {
                "cidr_blocks": [],
                "description": "",
                "from_port": 0,
                "ipv6_cidr_blocks": [],
                "prefix_list_ids": [],
                "protocol": "tcp",
                "security_groups": [
                  "sg-03d49bbc0167c4176"
                ],
                "self": false,
                "to_port": 80
              }
            ],
            "name": "tf-sonar-sg",
            "name_prefix": "",
            "owner_id": "362726503699",
            "revoke_rules_on_delete": false,
            "tags": {},
            "tags_all": {},
            "timeouts": null,
            "vpc_id": "vpc-038d6c5e57c3995db"
          },
          "sensitive_attributes": [],
          "private": "eyJlMmJmYjczMC1lY2FhLTExZTYtOGY4OC0zNDM2M2JjN2M0YzAiOnsiY3JlYXRlIjo2MDAwMDAwMDAwMDAsImRlbGV0ZSI6OTAwMDAwMDAwMDAwfSwic2NoZW1hX3ZlcnNpb24iOiIxIn0=",
          "dependencies": [
            "aws_security_group.tf_jenkins_sg"
          ]
        }
      ]
    }
  ],
  "check_results": null
}
